
Microsoft Visual Studio Solution File, Format Version 12.00
# Visual Studio Version 17
VisualStudioVersion = 17.7.34031.279
MinimumVisualStudioVersion = 10.0.40219.1
Project("{FAE04EC0-301F-11D3-BF4B-00C04F79EFBC}") = "Trials_Eldor", "Trials_Eldor.csproj", "{FDD20B19-A8E3-4867-92A2-9796D60DED6C}"
EndProject
Global
	GlobalSection(SolutionConfigurationPlatforms) = preSolution
		Debug|Any CPU = Debug|Any CPU
		Release|Any CPU = Release|Any CPU
	EndGlobalSection
	GlobalSection(ProjectConfigurationPlatforms) = postSolution
		{FDD20B19-A8E3-4867-92A2-9796D60DED6C}.Debug|Any CPU.ActiveCfg = Debug|Any CPU
		{FDD20B19-A8E3-4867-92A2-9796D60DED6C}.Debug|Any CPU.Build.0 = Debug|Any CPU
		{FDD20B19-A8E3-4867-92A2-9796D60DED6C}.Release|Any CPU.ActiveCfg = Release|Any CPU
		{FDD20B19-A8E3-4867-92A2-9796D60DED6C}.Release|Any CPU.Build.0 = Release|Any CPU
	EndGlobalSection
	GlobalSection(SolutionProperties) = preSolution
		HideSolutionNode = FALSE
	EndGlobalSection
	GlobalSection(ExtensibilityGlobals) = postSolution
		SolutionGuid = {54BB57EF-EEE4-4223-9BCB-1AC4EF1A4673}
	EndGlobalSection
EndGlobal
